DEPENDENCIES
  aqha-chef-solo-bootstrap
    git: https://github.com/sbwise01/aqha-chef-solo-bootstrap.git
    revision: 731c6bd619c435f61d09ecce3446d2ad0b9f9f75
    branch: master
  aqha-example-web-app
    git: https://github.com/sbwise01/aqha-example-web-app.git
    revision: 1c3d22840805e517fdf8ad63bcd21b2604afc5ad
    branch: master

GRAPH
  aqha-chef-solo-bootstrap (0.1.0)
  aqha-example-web-app (0.1.0)
